// !$*UTF8*$!
{
	archiveVersion = 1;
	classes = {
	};
	objectVersion = 46;
	objects = {

/* Begin PBXBuildFile section */
		931F037AE453C6433573B4A0 /* Pods_quizApp.framework in Frameworks */ = {isa = PBXBuildFile; fileRef = 8F6DDB94A596E6B22E7661DC /* Pods_quizApp.framework */; };
		D30D84961EB749ED00926575 /* FancyView.swift in Sources */ = {isa = PBXBuildFile; fileRef = D30D84951EB749ED00926575 /* FancyView.swift */; };
		D30D84981EB74FA300926575 /* Pigmo-00.otf in Resources */ = {isa = PBXBuildFile; fileRef = D30D84971EB74FA300926575 /* Pigmo-00.otf */; };
		D30D849B1EBADCB400926575 /* answerCell.swift in Sources */ = {isa = PBXBuildFile; fileRef = D30D84991EBADCB400926575 /* answerCell.swift */; };
		D30D849C1EBADCB400926575 /* answerCell.xib in Resources */ = {isa = PBXBuildFile; fileRef = D30D849A1EBADCB400926575 /* answerCell.xib */; };
		D3182FA11EACD566005598A7 /* QuizController.swift in Sources */ = {isa = PBXBuildFile; fileRef = D3182FA01EACD566005598A7 /* QuizController.swift */; };
		D3182FA31EACD5C3005598A7 /* problem.csv in Resources */ = {isa = PBXBuildFile; fileRef = D3182FA21EACD5C3005598A7 /* problem.csv */; };
		D3182FA51EACF7E2005598A7 /* Extension.swift in Sources */ = {isa = PBXBuildFile; fileRef = D3182FA41EACF7E1005598A7 /* Extension.swift */; };
		D3182FA81EAE30BD005598A7 /* GameScore.swift in Sources */ = {isa = PBXBuildFile; fileRef = D3182FA71EAE30BD005598A7 /* GameScore.swift */; };
		D3182FAA1EAE3330005598A7 /* ScoreController.swift in Sources */ = {isa = PBXBuildFile; fileRef = D3182FA91EAE3330005598A7 /* ScoreController.swift */; };
		D33659251EB56C0F00F8AD59 /* scoreCell.swift in Sources */ = {isa = PBXBuildFile; fileRef = D33659231EB56C0F00F8AD59 /* scoreCell.swift */; };
		D33659261EB56C0F00F8AD59 /* scoreCell.xib in Resources */ = {isa = PBXBuildFile; fileRef = D33659241EB56C0F00F8AD59 /* scoreCell.xib */; };
		D34CB86F1EBC5A1900F0C1CD /* CustomBtn.swift in Sources */ = {isa = PBXBuildFile; fileRef = D34CB86E1EBC5A1900F0C1CD /* CustomBtn.swift */; };
		D3E298931EACBBA300BA242F /* AppDelegate.swift in Sources */ = {isa = PBXBuildFile; fileRef = D3E298921EACBBA300BA242F /* AppDelegate.swift */; };
		D3E298951EACBBA300BA242F /* ViewController.swift in Sources */ = {isa = PBXBuildFile; fileRef = D3E298941EACBBA300BA242F /* ViewController.swift */; };
		D3E298981EACBBA300BA242F /* Main.storyboard in Resources */ = {isa = PBXBuildFile; fileRef = D3E298961EACBBA300BA242F /* Main.storyboard */; };
		D3E2989A1EACBBA300BA242F /* Assets.xcassets in Resources */ = {isa = PBXBuildFile; fileRef = D3E298991EACBBA300BA242F /* Assets.xcassets */; };
		D3E2989D1EACBBA300BA242F /* LaunchScreen.storyboard in Resources */ = {isa = PBXBuildFile; fileRef = D3E2989B1EACBBA300BA242F /* LaunchScreen.storyboard */; };
/* End PBXBuildFile section */

/* Begin PBXFileReference section */
		2F5801D237D1217C2388EB44 /* Pods-quizApp.release.xcconfig */ = {isa = PBXFileReference; includeInIndex = 1; lastKnownFileType = text.xcconfig; name = "Pods-quizApp.release.xcconfig"; path = "Pods/Target Support Files/Pods-quizApp/Pods-quizApp.release.xcconfig"; sourceTree = "<group>"; };
		61CADC2AD8431F051FA46205 /* Pods-quizApp.debug.xcconfig */ = {isa = PBXFileReference; includeInIndex = 1; lastKnownFileType = text.xcconfig; name = "Pods-quizApp.debug.xcconfig"; path = "Pods/Target Support Files/Pods-quizApp/Pods-quizApp.debug.xcconfig"; sourceTree = "<group>"; };
		8F6DDB94A596E6B22E7661DC /* Pods_quizApp.framework */ = {isa = PBXFileReference; explicitFileType = wrapper.framework; includeInIndex = 0; path = Pods_quizApp.framework; sourceTree = BUILT_PRODUCTS_DIR; };
		D30D84951EB749ED00926575 /* FancyView.swift */ = {isa = PBXFileReference; fileEncoding = 4; lastKnownFileType = sourcecode.swift; path = FancyView.swift; sourceTree = "<group>"; };
		D30D84971EB74FA300926575 /* Pigmo-00.otf */ = {isa = PBXFileReference; lastKnownFileType = file; path = "Pigmo-00.otf"; sourceTree = "<group>"; };
		D30D84991EBADCB400926575 /* answerCell.swift */ = {isa = PBXFileReference; fileEncoding = 4; lastKnownFileType = sourcecode.swift; path = answerCell.swift; sourceTree = "<group>"; };
		D30D849A1EBADCB400926575 /* answerCell.xib */ = {isa = PBXFileReference; fileEncoding = 4; lastKnownFileType = file.xib; path = answerCell.xib; sourceTree = "<group>"; };
		D3182FA01EACD566005598A7 /* QuizController.swift */ = {isa = PBXFileReference; fileEncoding = 4; lastKnownFileType = sourcecode.swift; path = QuizController.swift; sourceTree = "<group>"; };
		D3182FA21EACD5C3005598A7 /* problem.csv */ = {isa = PBXFileReference; fileEncoding = 4; lastKnownFileType = text; path = problem.csv; sourceTree = "<group>"; };
		D3182FA41EACF7E1005598A7 /* Extension.swift */ = {isa = PBXFileReference; fileEncoding = 4; lastKnownFileType = sourcecode.swift; path = Extension.swift; sourceTree = "<group>"; };
		D3182FA71EAE30BD005598A7 /* GameScore.swift */ = {isa = PBXFileReference; fileEncoding = 4; lastKnownFileType = sourcecode.swift; path = GameScore.swift; sourceTree = "<group>"; };
		D3182FA91EAE3330005598A7 /* ScoreController.swift */ = {isa = PBXFileReference; fileEncoding = 4; lastKnownFileType = sourcecode.swift; path = ScoreController.swift; sourceTree = "<group>"; };
		D33659231EB56C0F00F8AD59 /* scoreCell.swift */ = {isa = PBXFileReference; fileEncoding = 4; lastKnownFileType = sourcecode.swift; path = scoreCell.swift; sourceTree = "<group>"; };
		D33659241EB56C0F00F8AD59 /* scoreCell.xib */ = {isa = PBXFileReference; fileEncoding = 4; lastKnownFileType = file.xib; path = scoreCell.xib; sourceTree = "<group>"; };
		D34CB86E1EBC5A1900F0C1CD /* CustomBtn.swift */ = {isa = PBXFileReference; fileEncoding = 4; lastKnownFileType = sourcecode.swift; path = CustomBtn.swift; sourceTree = "<group>"; };
		D3E2988F1EACBBA300BA242F /* quizApp.app */ = {isa = PBXFileReference; explicitFileType = wrapper.application; includeInIndex = 0; path = quizApp.app; sourceTree = BUILT_PRODUCTS_DIR; };
		D3E298921EACBBA300BA242F /* AppDelegate.swift */ = {isa = PBXFileReference; lastKnownFileType = sourcecode.swift; path = AppDelegate.swift; sourceTree = "<group>"; };
		D3E298941EACBBA300BA242F /* ViewController.swift */ = {isa = PBXFileReference; lastKnownFileType = sourcecode.swift; path = ViewController.swift; sourceTree = "<group>"; };
		D3E298971EACBBA300BA242F /* Base */ = {isa = PBXFileReference; lastKnownFileType = file.storyboard; name = Base; path = Base.lproj/Main.storyboard; sourceTree = "<group>"; };
		D3E298991EACBBA300BA242F /* Assets.xcassets */ = {isa = PBXFileReference; lastKnownFileType = folder.assetcatalog; path = Assets.xcassets; sourceTree = "<group>"; };
		D3E2989C1EACBBA300BA242F /* Base */ = {isa = PBXFileReference; lastKnownFileType = file.storyboard; name = Base; path = Base.lproj/LaunchScreen.storyboard; sourceTree = "<group>"; };
		D3E2989E1EACBBA300BA242F /* Info.plist */ = {isa = PBXFileReference; lastKnownFileType = text.plist.xml; path = Info.plist; sourceTree = "<group>"; };
/* End PBXFileReference section */

/* Begin PBXFrameworksBuildPhase section */
		D3E2988C1EACBBA300BA242F /* Frameworks */ = {
			isa = PBXFrameworksBuildPhase;
			buildActionMask = 2147483647;
			files = (
				931F037AE453C6433573B4A0 /* Pods_quizApp.framework in Frameworks */,
			);
			runOnlyForDeploymentPostprocessing = 0;
		};
/* End PBXFrameworksBuildPhase section */

/* Begin PBXGroup section */
		0A77D902038C1D6BAFA5B907 /* Pods */ = {
			isa = PBXGroup;
			children = (
				61CADC2AD8431F051FA46205 /* Pods-quizApp.debug.xcconfig */,
				2F5801D237D1217C2388EB44 /* Pods-quizApp.release.xcconfig */,
			);
			name = Pods;
			sourceTree = "<group>";
		};
		D30D84941EB749D200926575 /* View */ = {
			isa = PBXGroup;
			children = (
				D30D84951EB749ED00926575 /* FancyView.swift */,
				D34CB86E1EBC5A1900F0C1CD /* CustomBtn.swift */,
			);
			name = View;
			sourceTree = "<group>";
		};
		D3182F9F1EACD538005598A7 /* Controller */ = {
			isa = PBXGroup;
			children = (
				D3E298941EACBBA300BA242F /* ViewController.swift */,
				D3182FA01EACD566005598A7 /* QuizController.swift */,
				D3182FA91EAE3330005598A7 /* ScoreController.swift */,
			);
			name = Controller;
			sourceTree = "<group>";
		};
		D3182FA61EAE308A005598A7 /* Model */ = {
			isa = PBXGroup;
			children = (
				D3182FA71EAE30BD005598A7 /* GameScore.swift */,
			);
			name = Model;
			sourceTree = "<group>";
		};
		D3E298861EACBBA300BA242F = {
			isa = PBXGroup;
			children = (
				D3E298911EACBBA300BA242F /* quizApp */,
				D3E298901EACBBA300BA242F /* Products */,
				0A77D902038C1D6BAFA5B907 /* Pods */,
				F1A5E51FBB8B9214E22FCF7B /* Frameworks */,
			);
			sourceTree = "<group>";
		};
		D3E298901EACBBA300BA242F /* Products */ = {
			isa = PBXGroup;
			children = (
				D3E2988F1EACBBA300BA242F /* quizApp.app */,
			);
			name = Products;
			sourceTree = "<group>";
		};
		D3E298911EACBBA300BA242F /* quizApp */ = {
			isa = PBXGroup;
			children = (
				D3E298921EACBBA300BA242F /* AppDelegate.swift */,
				D3182FA41EACF7E1005598A7 /* Extension.swift */,
				D3182FA61EAE308A005598A7 /* Model */,
				D30D84941EB749D200926575 /* View */,
				D3182F9F1EACD538005598A7 /* Controller */,
				D3E298A41EACBC8000BA242F /* DataSource */,
				D3E298A71EACC97500BA242F /* Cells */,
				D3E298961EACBBA300BA242F /* Main.storyboard */,
				D30D84971EB74FA300926575 /* Pigmo-00.otf */,
				D3E298991EACBBA300BA242F /* Assets.xcassets */,
				D3E2989B1EACBBA300BA242F /* LaunchScreen.storyboard */,
				D3E2989E1EACBBA300BA242F /* Info.plist */,
			);
			path = quizApp;
			sourceTree = "<group>";
		};
		D3E298A41EACBC8000BA242F /* DataSource */ = {
			isa = PBXGroup;
			children = (
				D3182FA21EACD5C3005598A7 /* problem.csv */,
			);
			name = DataSource;
			path = ..;
			sourceTree = "<group>";
		};
		D3E298A71EACC97500BA242F /* Cells */ = {
			isa = PBXGroup;
			children = (
				D33659231EB56C0F00F8AD59 /* scoreCell.swift */,
				D33659241EB56C0F00F8AD59 /* scoreCell.xib */,
				D30D84991EBADCB400926575 /* answerCell.swift */,
				D30D849A1EBADCB400926575 /* answerCell.xib */,
			);
			name = Cells;
			path = ..;
			sourceTree = "<group>";
		};
		F1A5E51FBB8B9214E22FCF7B /* Frameworks */ = {
			isa = PBXGroup;
			children = (
				8F6DDB94A596E6B22E7661DC /* Pods_quizApp.framework */,
			);
			name = Frameworks;
			sourceTree = "<group>";
		};
/* End PBXGroup section */

/* Begin PBXNativeTarget section */
		D3E2988E1EACBBA300BA242F /* quizApp */ = {
			isa = PBXNativeTarget;
			buildConfigurationList = D3E298A11EACBBA300BA242F /* Build configuration list for PBXNativeTarget "quizApp" */;
			buildPhases = (
				805DB1C3850E7B9D983C2BAB /* [CP] Check Pods Manifest.lock */,
				D3E2988B1EACBBA300BA242F /* Sources */,
				D3E2988C1EACBBA300BA242F /* Frameworks */,
				D3E2988D1EACBBA300BA242F /* Resources */,
				2130FE0D7F7DC4569AE1903C /* [CP] Embed Pods Frameworks */,
				57AA30C1EAFB91D6549FD8C2 /* [CP] Copy Pods Resources */,
			);
			buildRules = (
			);
			dependencies = (
			);
			name = quizApp;
			productName = quizApp;
			productReference = D3E2988F1EACBBA300BA242F /* quizApp.app */;
			productType = "com.apple.product-type.application";
		};
/* End PBXNativeTarget section */

/* Begin PBXProject section */
		D3E298871EACBBA300BA242F /* Project object */ = {
			isa = PBXProject;
			attributes = {
				LastSwiftUpdateCheck = 0820;
				LastUpgradeCheck = 0820;
				ORGANIZATIONNAME = yoki;
				TargetAttributes = {
					D3E2988E1EACBBA300BA242F = {
						CreatedOnToolsVersion = 8.2.1;
						DevelopmentTeam = 36FDYZWS56;
						ProvisioningStyle = Automatic;
					};
				};
			};
			buildConfigurationList = D3E2988A1EACBBA300BA242F /* Build configuration list for PBXProject "quizApp" */;
			compatibilityVersion = "Xcode 3.2";
			developmentRegion = English;
			hasScannedForEncodings = 0;
			knownRegions = (
				en,
				Base,
			);
			mainGroup = D3E298861EACBBA300BA242F;
			productRefGroup = D3E298901EACBBA300BA242F /* Products */;
			projectDirPath = "";
			projectRoot = "";
			targets = (
				D3E2988E1EACBBA300BA242F /* quizApp */,
			);
		};
/* End PBXProject section */

/* Begin PBXResourcesBuildPhase section */
		D3E2988D1EACBBA300BA242F /* Resources */ = {
			isa = PBXResourcesBuildPhase;
			buildActionMask = 2147483647;
			files = (
				D30D84981EB74FA300926575 /* Pigmo-00.otf in Resources */,
				D3E2989D1EACBBA300BA242F /* LaunchScreen.storyboard in Resources */,
				D33659261EB56C0F00F8AD59 /* scoreCell.xib in Resources */,
				D3E2989A1EACBBA300BA242F /* Assets.xcassets in Resources */,
				D30D849C1EBADCB400926575 /* answerCell.xib in Resources */,
				D3182FA31EACD5C3005598A7 /* problem.csv in Resources */,
				D3E298981EACBBA300BA242F /* Main.storyboard in Resources */,
			);
			runOnlyForDeploymentPostprocessing = 0;
		};
/* End PBXResourcesBuildPhase section */

/* Begin PBXShellScriptBuildPhase section */
		2130FE0D7F7DC4569AE1903C /* [CP] Embed Pods Frameworks */ = {
			isa = PBXShellScriptBuildPhase;
			buildActionMask = 2147483647;
			files = (
			);
			inputPaths = (
			);
			name = "[CP] Embed Pods Frameworks";
			outputPaths = (
			);
			runOnlyForDeploymentPostprocessing = 0;
			shellPath = /bin/sh;
			shellScript = "\"${SRCROOT}/Pods/Target Support Files/Pods-quizApp/Pods-quizApp-frameworks.sh\"\n";
			showEnvVarsInLog = 0;
		};
		57AA30C1EAFB91D6549FD8C2 /* [CP] Copy Pods Resources */ = {
			isa = PBXShellScriptBuildPhase;
			buildActionMask = 2147483647;
			files = (
			);
			inputPaths = (
			);
			name = "[CP] Copy Pods Resources";
			outputPaths = (
			);
			runOnlyForDeploymentPostprocessing = 0;
			shellPath = /bin/sh;
			shellScript = "\"${SRCROOT}/Pods/Target Support Files/Pods-quizApp/Pods-quizApp-resources.sh\"\n";
			showEnvVarsInLog = 0;
		};
		805DB1C3850E7B9D983C2BAB /* [CP] Check Pods Manifest.lock */ = {
			isa = PBXShellScriptBuildPhase;
			buildActionMask = 2147483647;
			files = (
			);
			inputPaths = (
			);
			name = "[CP] Check Pods Manifest.lock";
			outputPaths = (
			);
			runOnlyForDeploymentPostprocessing = 0;
			shellPath = /bin/sh;
			shellScript = "diff \"${PODS_PODFILE_DIR_PATH}/Podfile.lock\" \"${PODS_ROOT}/Manifest.lock\" > /dev/null\nif [ $? != 0 ] ; then\n    # print error to STDERR\n    echo \"error: The sandbox is not in sync with the Podfile.lock. Run 'pod install' or update your CocoaPods installation.\" >&2\n    exit 1\nfi\n";
			showEnvVarsInLog = 0;
		};
/* End PBXShellScriptBuildPhase section */

/* Begin PBXSourcesBuildPhase section */
		D3E2988B1EACBBA300BA242F /* Sources */ = {
			isa = PBXSourcesBuildPhase;
			buildActionMask = 2147483647;
			files = (
				D34CB86F1EBC5A1900F0C1CD /* CustomBtn.swift in Sources */,
				D3182FA51EACF7E2005598A7 /* Extension.swift in Sources */,
				D30D849B1EBADCB400926575 /* answerCell.swift in Sources */,
				D3182FA11EACD566005598A7 /* QuizController.swift in Sources */,
				D3182FA81EAE30BD005598A7 /* GameScore.swift in Sources */,
				D3182FAA1EAE3330005598A7 /* ScoreController.swift in Sources */,
				D3E298951EACBBA300BA242F /* ViewController.swift in Sources */,
				D3E298931EACBBA300BA242F /* AppDelegate.swift in Sources */,
				D30D84961EB749ED00926575 /* FancyView.swift in Sources */,
				D33659251EB56C0F00F8AD59 /* scoreCell.swift in Sources */,
			);
			runOnlyForDeploymentPostprocessing = 0;
		};
/* End PBXSourcesBuildPhase section */

/* Begin PBXVariantGroup section */
		D3E298961EACBBA300BA242F /* Main.storyboard */ = {
			isa = PBXVariantGroup;
			children = (
				D3E298971EACBBA300BA242F /* Base */,
			);
			name = Main.storyboard;
			sourceTree = "<group>";
		};
		D3E2989B1EACBBA300BA242F /* LaunchScreen.storyboard */ = {
			isa = PBXVariantGroup;
			children = (
				D3E2989C1EACBBA300BA242F /* Base */,
			);
			name = LaunchScreen.storyboard;
			sourceTree = "<group>";
		};
/* End PBXVariantGroup section */

/* Begin XCBuildConfiguration section */
		D3E2989F1EACBBA300BA242F /* Debug */ = {
			isa = XCBuildConfiguration;
			buildSettings = {
				ALWAYS_SEARCH_USER_PATHS = NO;
				CLANG_ANALYZER_NONNULL = YES;
				CLANG_CXX_LANGUAGE_STANDARD = "gnu++0x";
				CLANG_CXX_LIBRARY = "libc++";
				CLANG_ENABLE_MODULES = YES;
				CLANG_ENABLE_OBJC_ARC = YES;
				CLANG_WARN_BOOL_CONVERSION = YES;
				CLANG_WARN_CONSTANT_CONVERSION = YES;
				CLANG_WARN_DIRECT_OBJC_ISA_USAGE = YES_ERROR;
				CLANG_WARN_DOCUMENTATION_COMMENTS = YES;
				CLANG_WARN_EMPTY_BODY = YES;
				CLANG_WARN_ENUM_CONVERSION = YES;
				CLANG_WARN_INFINITE_RECURSION = YES;
				CLANG_WARN_INT_CONVERSION = YES;
				CLANG_WARN_OBJC_ROOT_CLASS = YES_ERROR;
				CLANG_WARN_SUSPICIOUS_MOVE = YES;
				CLANG_WARN_UNREACHABLE_CODE = YES;
				CLANG_WARN__DUPLICATE_METHOD_MATCH = YES;
				"CODE_SIGN_IDENTITY[sdk=iphoneos*]" = "iPhone Developer";
				COPY_PHASE_STRIP = NO;
				DEBUG_INFORMATION_FORMAT = dwarf;
				ENABLE_STRICT_OBJC_MSGSEND = YES;
				ENABLE_TESTABILITY = YES;
				GCC_C_LANGUAGE_STANDARD = gnu99;
				GCC_DYNAMIC_NO_PIC = NO;
				GCC_NO_COMMON_BLOCKS = YES;
				GCC_OPTIMIZATION_LEVEL = 0;
				GCC_PREPROCESSOR_DEFINITIONS = (
					"DEBUG=1",
					"$(inherited)",
				);
				GCC_WARN_64_TO_32_BIT_CONVERSION = YES;
				GCC_WARN_ABOUT_RETURN_TYPE = YES_ERROR;
				GCC_WARN_UNDECLARED_SELECTOR = YES;
				GCC_WARN_UNINITIALIZED_AUTOS = YES_AGGRESSIVE;
				GCC_WARN_UNUSED_FUNCTION = YES;
				GCC_WARN_UNUSED_VARIABLE = YES;
				IPHONEOS_DEPLOYMENT_TARGET = 10.2;
				MTL_ENABLE_DEBUG_INFO = YES;
				ONLY_ACTIVE_ARCH = YES;
				SDKROOT = iphoneos;
				SWIFT_ACTIVE_COMPILATION_CONDITIONS = DEBUG;
				SWIFT_OPTIMIZATION_LEVEL = "-Onone";
			};
			name = Debug;
		};
		D3E298A01EACBBA300BA242F /* Release */ = {
			isa = XCBuildConfiguration;
			buildSettings = {
				ALWAYS_SEARCH_USER_PATHS = NO;
				CLANG_ANALYZER_NONNULL = YES;
				CLANG_CXX_LANGUAGE_STANDARD = "gnu++0x";
				CLANG_CXX_LIBRARY = "libc++";
				CLANG_ENABLE_MODULES = YES;
				CLANG_ENABLE_OBJC_ARC = YES;
				CLANG_WARN_BOOL_CONVERSION = YES;
				CLANG_WARN_CONSTANT_CONVERSION = YES;
				CLANG_WARN_DIRECT_OBJC_ISA_USAGE = YES_ERROR;
				CLANG_WARN_DOCUMENTATION_COMMENTS = YES;
				CLANG_WARN_EMPTY_BODY = YES;
				CLANG_WARN_ENUM_CONVERSION = YES;
				CLANG_WARN_INFINITE_RECURSION = YES;
				CLANG_WARN_INT_CONVERSION = YES;
				CLANG_WARN_OBJC_ROOT_CLASS = YES_ERROR;
				CLANG_WARN_SUSPICIOUS_MOVE = YES;
				CLANG_WARN_UNREACHABLE_CODE = YES;
				CLANG_WARN__DUPLICATE_METHOD_MATCH = YES;
				"CODE_SIGN_IDENTITY[sdk=iphoneos*]" = "iPhone Developer";
				COPY_PHASE_STRIP = NO;
				DEBUG_INFORMATION_FORMAT = "dwarf-with-dsym";
				ENABLE_NS_ASSERTIONS = NO;
				ENABLE_STRICT_OBJC_MSGSEND = YES;
				GCC_C_LANGUAGE_STANDARD = gnu99;
				GCC_NO_COMMON_BLOCKS = YES;
				GCC_WARN_64_TO_32_BIT_CONVERSION = YES;
				GCC_WARN_ABOUT_RETURN_TYPE = YES_ERROR;
				GCC_WARN_UNDECLARED_SELECTOR = YES;
				GCC_WARN_UNINITIALIZED_AUTOS = YES_AGGRESSIVE;
				GCC_WARN_UNUSED_FUNCTION = YES;
				GCC_WARN_UNUSED_VARIABLE = YES;
				IPHONEOS_DEPLOYMENT_TARGET = 10.2;
				MTL_ENABLE_DEBUG_INFO = NO;
				SDKROOT = iphoneos;
				SWIFT_OPTIMIZATION_LEVEL = "-Owholemodule";
				VALIDATE_PRODUCT = YES;
			};
			name = Release;
		};
		D3E298A21EACBBA300BA242F /* Debug */ = {
			isa = XCBuildConfiguration;
			baseConfigurationReference = 61CADC2AD8431F051FA46205 /* Pods-quizApp.debug.xcconfig */;
			buildSettings = {
				ASSETCATALOG_COMPILER_APPICON_NAME = AppIcon;
				DEVELOPMENT_TEAM = 36FDYZWS56;
				INFOPLIST_FILE = quizApp/Info.plist;
				LD_RUNPATH_SEARCH_PATHS = "$(inherited) @executable_path/Frameworks";
				PRODUCT_BUNDLE_IDENTIFIER = com.yyokii.quizApp;
				PRODUCT_NAME = "$(TARGET_NAME)";
				SWIFT_VERSION = 3.0;
			};
			name = Debug;
		};
		D3E298A31EACBBA300BA242F /* Release */ = {
			isa = XCBuildConfiguration;
			baseConfigurationReference = 2F5801D237D1217C2388EB44 /* Pods-quizApp.release.xcconfig */;
			buildSettings = {
				ASSETCATALOG_COMPILER_APPICON_NAME = AppIcon;
				DEVELOPMENT_TEAM = 36FDYZWS56;
				INFOPLIST_FILE = quizApp/Info.plist;
				LD_RUNPATH_SEARCH_PATHS = "$(inherited) @executable_path/Frameworks";
				PRODUCT_BUNDLE_IDENTIFIER = com.yyokii.quizApp;
				PRODUCT_NAME = "$(TARGET_NAME)";
				SWIFT_VERSION = 3.0;
			};
			name = Release;
		};
/* End XCBuildConfiguration section */

/* Begin XCConfigurationList section */
		D3E2988A1EACBBA300BA242F /* Build configuration list for PBXProject "quizApp" */ = {
			isa = XCConfigurationList;
			buildConfigurations = (
				D3E2989F1EACBBA300BA242F /* Debug */,
				D3E298A01EACBBA300BA242F /* Release */,
			);
			defaultConfigurationIsVisible = 0;
			defaultConfigurationName = Release;
		};
		D3E298A11EACBBA300BA242F /* Build configuration list for PBXNativeTarget "quizApp" */ = {
			isa = XCConfigurationList;
			buildConfigurations = (
				D3E298A21EACBBA300BA242F /* Debug */,
				D3E298A31EACBBA300BA242F /* Release */,
			);
			defaultConfigurationIsVisible = 0;
			defaultConfigurationName = Release;
		};
/* End XCConfigurationList section */
	};
	rootObject = D3E298871EACBBA300BA242F /* Project object */;
}
